// !$*UTF8*$!
{
	archiveVersion = 1;
	classes = {
	};
	objectVersion = 56;
	objects = {

/* Begin PBXBuildFile section */
		C022D2702B1F26AE00BEA9CF /* ProductViewModel.swift in Sources */ = {isa = PBXBuildFile; fileRef = C022D26F2B1F26AE00BEA9CF /* ProductViewModel.swift */; };
		C022D2722B1F26B900BEA9CF /* CartViewModel.swift in Sources */ = {isa = PBXBuildFile; fileRef = C022D2712B1F26B900BEA9CF /* CartViewModel.swift */; };
		C022D2752B1F26F600BEA9CF /* ProductDaoRepository.swift in Sources */ = {isa = PBXBuildFile; fileRef = C022D2742B1F26F600BEA9CF /* ProductDaoRepository.swift */; };
		C022D27F2B1F27EC00BEA9CF /* RxCocoa-Dynamic in Frameworks */ = {isa = PBXBuildFile; productRef = C022D27E2B1F27EC00BEA9CF /* RxCocoa-Dynamic */; };
		C022D2852B1F27EC00BEA9CF /* RxSwift in Frameworks */ = {isa = PBXBuildFile; productRef = C022D2842B1F27EC00BEA9CF /* RxSwift */; };
		C022D28D2B1F2BB400BEA9CF /* ProductViewController.swift in Sources */ = {isa = PBXBuildFile; fileRef = C022D28C2B1F2BB400BEA9CF /* ProductViewController.swift */; };
		C022D2A82B1F3F3900BEA9CF /* CartDaoRepository.swift in Sources */ = {isa = PBXBuildFile; fileRef = C022D2A72B1F3F3900BEA9CF /* CartDaoRepository.swift */; };
		C0A4BE732B17B1550056D42D /* AppDelegate.swift in Sources */ = {isa = PBXBuildFile; fileRef = C0A4BE722B17B1550056D42D /* AppDelegate.swift */; };
		C0A4BE752B17B1550056D42D /* SceneDelegate.swift in Sources */ = {isa = PBXBuildFile; fileRef = C0A4BE742B17B1550056D42D /* SceneDelegate.swift */; };
		C0A4BE772B17B1550056D42D /* CartViewController.swift in Sources */ = {isa = PBXBuildFile; fileRef = C0A4BE762B17B1550056D42D /* CartViewController.swift */; };
		C0A4BE7C2B17B1560056D42D /* Assets.xcassets in Resources */ = {isa = PBXBuildFile; fileRef = C0A4BE7B2B17B1560056D42D /* Assets.xcassets */; };
		C0A4BE7F2B17B1560056D42D /* LaunchScreen.storyboard in Resources */ = {isa = PBXBuildFile; fileRef = C0A4BE7D2B17B1560056D42D /* LaunchScreen.storyboard */; };
		C0A4BE872B17B1CF0056D42D /* GoogleService-Info.plist in Resources */ = {isa = PBXBuildFile; fileRef = C0A4BE862B17B1CF0056D42D /* GoogleService-Info.plist */; };
		C0A4BE8A2B17B2160056D42D /* FirebaseAnalytics in Frameworks */ = {isa = PBXBuildFile; productRef = C0A4BE892B17B2160056D42D /* FirebaseAnalytics */; };
		C0A4BE9C2B17B2160056D42D /* FirebaseDatabase in Frameworks */ = {isa = PBXBuildFile; productRef = C0A4BE9B2B17B2160056D42D /* FirebaseDatabase */; };
		C0A4BEA22B17B2160056D42D /* FirebaseFirestore in Frameworks */ = {isa = PBXBuildFile; productRef = C0A4BEA12B17B2160056D42D /* FirebaseFirestore */; };
		C0A4BEBC2B17B2160056D42D /* FirebaseStorage in Frameworks */ = {isa = PBXBuildFile; productRef = C0A4BEBB2B17B2160056D42D /* FirebaseStorage */; };
		C0A4BEC42B17B6AF0056D42D /* Product.swift in Sources */ = {isa = PBXBuildFile; fileRef = C0A4BEC32B17B6AF0056D42D /* Product.swift */; };
		C0A4BEC62B17BC140056D42D /* Main.storyboard in Resources */ = {isa = PBXBuildFile; fileRef = C0A4BEC52B17BC140056D42D /* Main.storyboard */; };
		C0A4BEC82B17BE220056D42D /* TableViewCell.swift in Sources */ = {isa = PBXBuildFile; fileRef = C0A4BEC72B17BE220056D42D /* TableViewCell.swift */; };
		C0FB3F6E2B189CB400F75076 /* CollectionViewCell.swift in Sources */ = {isa = PBXBuildFile; fileRef = C0FB3F6D2B189CB400F75076 /* CollectionViewCell.swift */; };
/* End PBXBuildFile section */

/* Begin PBXFileReference section */
		C022D26F2B1F26AE00BEA9CF /* ProductViewModel.swift */ = {isa = PBXFileReference; lastKnownFileType = sourcecode.swift; path = ProductViewModel.swift; sourceTree = "<group>"; };
		C022D2712B1F26B900BEA9CF /* CartViewModel.swift */ = {isa = PBXFileReference; lastKnownFileType = sourcecode.swift; path = CartViewModel.swift; sourceTree = "<group>"; };
		C022D2742B1F26F600BEA9CF /* ProductDaoRepository.swift */ = {isa = PBXFileReference; lastKnownFileType = sourcecode.swift; path = ProductDaoRepository.swift; sourceTree = "<group>"; };
		C022D28C2B1F2BB400BEA9CF /* ProductViewController.swift */ = {isa = PBXFileReference; lastKnownFileType = sourcecode.swift; path = ProductViewController.swift; sourceTree = "<group>"; };
		C022D2A72B1F3F3900BEA9CF /* CartDaoRepository.swift */ = {isa = PBXFileReference; lastKnownFileType = sourcecode.swift; path = CartDaoRepository.swift; sourceTree = "<group>"; };
		C0A4BE6F2B17B1550056D42D /* Shopping App.app */ = {isa = PBXFileReference; explicitFileType = wrapper.application; includeInIndex = 0; path = "Shopping App.app"; sourceTree = BUILT_PRODUCTS_DIR; };
		C0A4BE722B17B1550056D42D /* AppDelegate.swift */ = {isa = PBXFileReference; lastKnownFileType = sourcecode.swift; path = AppDelegate.swift; sourceTree = "<group>"; };
		C0A4BE742B17B1550056D42D /* SceneDelegate.swift */ = {isa = PBXFileReference; lastKnownFileType = sourcecode.swift; path = SceneDelegate.swift; sourceTree = "<group>"; };
		C0A4BE762B17B1550056D42D /* CartViewController.swift */ = {isa = PBXFileReference; lastKnownFileType = sourcecode.swift; path = CartViewController.swift; sourceTree = "<group>"; };
		C0A4BE7B2B17B1560056D42D /* Assets.xcassets */ = {isa = PBXFileReference; lastKnownFileType = folder.assetcatalog; path = Assets.xcassets; sourceTree = "<group>"; };
		C0A4BE7E2B17B1560056D42D /* Base */ = {isa = PBXFileReference; lastKnownFileType = file.storyboard; name = Base; path = Base.lproj/LaunchScreen.storyboard; sourceTree = "<group>"; };
		C0A4BE802B17B1560056D42D /* Info.plist */ = {isa = PBXFileReference; lastKnownFileType = text.plist.xml; path = Info.plist; sourceTree = "<group>"; };
		C0A4BE862B17B1CF0056D42D /* GoogleService-Info.plist */ = {isa = PBXFileReference; fileEncoding = 4; lastKnownFileType = text.plist.xml; path = "GoogleService-Info.plist"; sourceTree = "<group>"; };
		C0A4BEC32B17B6AF0056D42D /* Product.swift */ = {isa = PBXFileReference; lastKnownFileType = sourcecode.swift; path = Product.swift; sourceTree = "<group>"; };
		C0A4BEC52B17BC140056D42D /* Main.storyboard */ = {isa = PBXFileReference; fileEncoding = 4; lastKnownFileType = file.storyboard; path = Main.storyboard; sourceTree = "<group>"; };
		C0A4BEC72B17BE220056D42D /* TableViewCell.swift */ = {isa = PBXFileReference; lastKnownFileType = sourcecode.swift; path = TableViewCell.swift; sourceTree = "<group>"; };
		C0FB3F6D2B189CB400F75076 /* CollectionViewCell.swift */ = {isa = PBXFileReference; lastKnownFileType = sourcecode.swift; path = CollectionViewCell.swift; sourceTree = "<group>"; };
/* End PBXFileReference section */

/* Begin PBXFrameworksBuildPhase section */
		C0A4BE6C2B17B1550056D42D /* Frameworks */ = {
			isa = PBXFrameworksBuildPhase;
			buildActionMask = 2147483647;
			files = (
				C0A4BE9C2B17B2160056D42D /* FirebaseDatabase in Frameworks */,
				C0A4BEA22B17B2160056D42D /* FirebaseFirestore in Frameworks */,
				C022D2852B1F27EC00BEA9CF /* RxSwift in Frameworks */,
				C022D27F2B1F27EC00BEA9CF /* RxCocoa-Dynamic in Frameworks */,
				C0A4BE8A2B17B2160056D42D /* FirebaseAnalytics in Frameworks */,
				C0A4BEBC2B17B2160056D42D /* FirebaseStorage in Frameworks */,
			);
			runOnlyForDeploymentPostprocessing = 0;
		};
/* End PBXFrameworksBuildPhase section */

/* Begin PBXGroup section */
		C022D26E2B1F266C00BEA9CF /* ViewModel */ = {
			isa = PBXGroup;
			children = (
				C022D26F2B1F26AE00BEA9CF /* ProductViewModel.swift */,
				C022D2712B1F26B900BEA9CF /* CartViewModel.swift */,
			);
			path = ViewModel;
			sourceTree = "<group>";
		};
		C022D2732B1F26DF00BEA9CF /* data */ = {
			isa = PBXGroup;
			children = (
				C022D2742B1F26F600BEA9CF /* ProductDaoRepository.swift */,
				C022D2A72B1F3F3900BEA9CF /* CartDaoRepository.swift */,
			);
			path = data;
			sourceTree = "<group>";
		};
		C022D2762B1F26FA00BEA9CF /* repo */ = {
			isa = PBXGroup;
			children = (
				C022D2732B1F26DF00BEA9CF /* data */,
			);
			path = repo;
			sourceTree = "<group>";
		};
		C0A4BE662B17B1550056D42D = {
			isa = PBXGroup;
			children = (
				C022D2762B1F26FA00BEA9CF /* repo */,
				C022D26E2B1F266C00BEA9CF /* ViewModel */,
				C0FB3F752B18EC9900F75076 /* Cells */,
				C0A4BE712B17B1550056D42D /* Shopping App */,
				C0A4BE702B17B1550056D42D /* Products */,
			);
			sourceTree = "<group>";
		};
		C0A4BE702B17B1550056D42D /* Products */ = {
			isa = PBXGroup;
			children = (
				C0A4BE6F2B17B1550056D42D /* Shopping App.app */,
			);
			name = Products;
			sourceTree = "<group>";
		};
		C0A4BE712B17B1550056D42D /* Shopping App */ = {
			isa = PBXGroup;
			children = (
				C0A4BEC02B17B3E60056D42D /* Views */,
				C0A4BEBF2B17B2F50056D42D /* Model */,
				C0A4BE862B17B1CF0056D42D /* GoogleService-Info.plist */,
				C0A4BE722B17B1550056D42D /* AppDelegate.swift */,
				C0A4BE742B17B1550056D42D /* SceneDelegate.swift */,
				C0A4BE7B2B17B1560056D42D /* Assets.xcassets */,
				C0A4BE7D2B17B1560056D42D /* LaunchScreen.storyboard */,
				C0A4BE802B17B1560056D42D /* Info.plist */,
				C0A4BEC52B17BC140056D42D /* Main.storyboard */,
			);
			path = "Shopping App";
			sourceTree = "<group>";
		};
		C0A4BEBF2B17B2F50056D42D /* Model */ = {
			isa = PBXGroup;
			children = (
				C0A4BEC32B17B6AF0056D42D /* Product.swift */,
			);
			path = Model;
			sourceTree = "<group>";
		};
		C0A4BEC02B17B3E60056D42D /* Views */ = {
			isa = PBXGroup;
			children = (
				C0A4BE762B17B1550056D42D /* CartViewController.swift */,
				C022D28C2B1F2BB400BEA9CF /* ProductViewController.swift */,
			);
			path = Views;
			sourceTree = "<group>";
		};
		C0FB3F752B18EC9900F75076 /* Cells */ = {
			isa = PBXGroup;
			children = (
				C0FB3F6D2B189CB400F75076 /* CollectionViewCell.swift */,
				C0A4BEC72B17BE220056D42D /* TableViewCell.swift */,
			);
			path = Cells;
			sourceTree = "<group>";
		};
/* End PBXGroup section */

/* Begin PBXNativeTarget section */
		C0A4BE6E2B17B1550056D42D /* Shopping App */ = {
			isa = PBXNativeTarget;
			buildConfigurationList = C0A4BE832B17B1560056D42D /* Build configuration list for PBXNativeTarget "Shopping App" */;
			buildPhases = (
				C0A4BE6B2B17B1550056D42D /* Sources */,
				C0A4BE6C2B17B1550056D42D /* Frameworks */,
				C0A4BE6D2B17B1550056D42D /* Resources */,
			);
			buildRules = (
			);
			dependencies = (
			);
			name = "Shopping App";
			packageProductDependencies = (
				C0A4BE892B17B2160056D42D /* FirebaseAnalytics */,
				C0A4BE9B2B17B2160056D42D /* FirebaseDatabase */,
				C0A4BEA12B17B2160056D42D /* FirebaseFirestore */,
				C0A4BEBB2B17B2160056D42D /* FirebaseStorage */,
				C022D27E2B1F27EC00BEA9CF /* RxCocoa-Dynamic */,
				C022D2842B1F27EC00BEA9CF /* RxSwift */,
			);
			productName = "Shopping App";
			productReference = C0A4BE6F2B17B1550056D42D /* Shopping App.app */;
			productType = "com.apple.product-type.application";
		};
/* End PBXNativeTarget section */

/* Begin PBXProject section */
		C0A4BE672B17B1550056D42D /* Project object */ = {
			isa = PBXProject;
			attributes = {
				BuildIndependentTargetsInParallel = 1;
				LastSwiftUpdateCheck = 1500;
				LastUpgradeCheck = 1500;
				TargetAttributes = {
					C0A4BE6E2B17B1550056D42D = {
						CreatedOnToolsVersion = 15.0.1;
					};
				};
			};
			buildConfigurationList = C0A4BE6A2B17B1550056D42D /* Build configuration list for PBXProject "Shopping App" */;
			compatibilityVersion = "Xcode 14.0";
			developmentRegion = en;
			hasScannedForEncodings = 0;
			knownRegions = (
				en,
				Base,
			);
			mainGroup = C0A4BE662B17B1550056D42D;
			packageReferences = (
				C0A4BE882B17B2160056D42D /* XCRemoteSwiftPackageReference "firebase-ios-sdk" */,
				C022D2772B1F27EC00BEA9CF /* XCRemoteSwiftPackageReference "RxSwift" */,
			);
			productRefGroup = C0A4BE702B17B1550056D42D /* Products */;
			projectDirPath = "";
			projectRoot = "";
			targets = (
				C0A4BE6E2B17B1550056D42D /* Shopping App */,
			);
		};
/* End PBXProject section */

/* Begin PBXResourcesBuildPhase section */
		C0A4BE6D2B17B1550056D42D /* Resources */ = {
			isa = PBXResourcesBuildPhase;
			buildActionMask = 2147483647;
			files = (
				C0A4BE7F2B17B1560056D42D /* LaunchScreen.storyboard in Resources */,
				C0A4BE872B17B1CF0056D42D /* GoogleService-Info.plist in Resources */,
				C0A4BE7C2B17B1560056D42D /* Assets.xcassets in Resources */,
				C0A4BEC62B17BC140056D42D /* Main.storyboard in Resources */,
			);
			runOnlyForDeploymentPostprocessing = 0;
		};
/* End PBXResourcesBuildPhase section */

/* Begin PBXSourcesBuildPhase section */
		C0A4BE6B2B17B1550056D42D /* Sources */ = {
			isa = PBXSourcesBuildPhase;
			buildActionMask = 2147483647;
			files = (
				C0A4BEC82B17BE220056D42D /* TableViewCell.swift in Sources */,
				C0A4BE772B17B1550056D42D /* CartViewController.swift in Sources */,
				C0FB3F6E2B189CB400F75076 /* CollectionViewCell.swift in Sources */,
				C0A4BEC42B17B6AF0056D42D /* Product.swift in Sources */,
				C0A4BE732B17B1550056D42D /* AppDelegate.swift in Sources */,
				C022D2752B1F26F600BEA9CF /* ProductDaoRepository.swift in Sources */,
				C022D2722B1F26B900BEA9CF /* CartViewModel.swift in Sources */,
				C022D2A82B1F3F3900BEA9CF /* CartDaoRepository.swift in Sources */,
				C022D2702B1F26AE00BEA9CF /* ProductViewModel.swift in Sources */,
				C022D28D2B1F2BB400BEA9CF /* ProductViewController.swift in Sources */,
				C0A4BE752B17B1550056D42D /* SceneDelegate.swift in Sources */,
			);
			runOnlyForDeploymentPostprocessing = 0;
		};
/* End PBXSourcesBuildPhase section */

/* Begin PBXVariantGroup section */
		C0A4BE7D2B17B1560056D42D /* LaunchScreen.storyboard */ = {
			isa = PBXVariantGroup;
			children = (
				C0A4BE7E2B17B1560056D42D /* Base */,
			);
			name = LaunchScreen.storyboard;
			sourceTree = "<group>";
		};
/* End PBXVariantGroup section */

/* Begin XCBuildConfiguration section */
		C0A4BE812B17B1560056D42D /* Debug */ = {
			isa = XCBuildConfiguration;
			buildSettings = {
				ALWAYS_SEARCH_USER_PATHS = NO;
				ASSETCATALOG_COMPILER_GENERATE_SWIFT_ASSET_SYMBOL_EXTENSIONS = YES;
				CLANG_ANALYZER_NONNULL = YES;
				CLANG_ANALYZER_NUMBER_OBJECT_CONVERSION = YES_AGGRESSIVE;
				CLANG_CXX_LANGUAGE_STANDARD = "gnu++20";
				CLANG_ENABLE_MODULES = YES;
				CLANG_ENABLE_OBJC_ARC = YES;
				CLANG_ENABLE_OBJC_WEAK = YES;
				CLANG_WARN_BLOCK_CAPTURE_AUTORELEASING = YES;
				CLANG_WARN_BOOL_CONVERSION = YES;
				CLANG_WARN_COMMA = YES;
				CLANG_WARN_CONSTANT_CONVERSION = YES;
				CLANG_WARN_DEPRECATED_OBJC_IMPLEMENTATIONS = YES;
				CLANG_WARN_DIRECT_OBJC_ISA_USAGE = YES_ERROR;
				CLANG_WARN_DOCUMENTATION_COMMENTS = YES;
				CLANG_WARN_EMPTY_BODY = YES;
				CLANG_WARN_ENUM_CONVERSION = YES;
				CLANG_WARN_INFINITE_RECURSION = YES;
				CLANG_WARN_INT_CONVERSION = YES;
				CLANG_WARN_NON_LITERAL_NULL_CONVERSION = YES;
				CLANG_WARN_OBJC_IMPLICIT_RETAIN_SELF = YES;
				CLANG_WARN_OBJC_LITERAL_CONVERSION = YES;
				CLANG_WARN_OBJC_ROOT_CLASS = YES_ERROR;
				CLANG_WARN_QUOTED_INCLUDE_IN_FRAMEWORK_HEADER = YES;
				CLANG_WARN_RANGE_LOOP_ANALYSIS = YES;
				CLANG_WARN_STRICT_PROTOTYPES = YES;
				CLANG_WARN_SUSPICIOUS_MOVE = YES;
				CLANG_WARN_UNGUARDED_AVAILABILITY = YES_AGGRESSIVE;
				CLANG_WARN_UNREACHABLE_CODE = YES;
				CLANG_WARN__DUPLICATE_METHOD_MATCH = YES;
				COPY_PHASE_STRIP = NO;
				DEBUG_INFORMATION_FORMAT = dwarf;
				ENABLE_STRICT_OBJC_MSGSEND = YES;
				ENABLE_TESTABILITY = YES;
				ENABLE_USER_SCRIPT_SANDBOXING = YES;
				GCC_C_LANGUAGE_STANDARD = gnu17;
				GCC_DYNAMIC_NO_PIC = NO;
				GCC_NO_COMMON_BLOCKS = YES;
				GCC_OPTIMIZATION_LEVEL = 0;
				GCC_PREPROCESSOR_DEFINITIONS = (
					"DEBUG=1",
					"$(inherited)",
				);
				GCC_WARN_64_TO_32_BIT_CONVERSION = YES;
				GCC_WARN_ABOUT_RETURN_TYPE = YES_ERROR;
				GCC_WARN_UNDECLARED_SELECTOR = YES;
				GCC_WARN_UNINITIALIZED_AUTOS = YES_AGGRESSIVE;
				GCC_WARN_UNUSED_FUNCTION = YES;
				GCC_WARN_UNUSED_VARIABLE = YES;
				IPHONEOS_DEPLOYMENT_TARGET = 17.0;
				LOCALIZATION_PREFERS_STRING_CATALOGS = YES;
				MTL_ENABLE_DEBUG_INFO = INCLUDE_SOURCE;
				MTL_FAST_MATH = YES;
				ONLY_ACTIVE_ARCH = YES;
				SDKROOT = iphoneos;
				SWIFT_ACTIVE_COMPILATION_CONDITIONS = "DEBUG $(inherited)";
				SWIFT_OPTIMIZATION_LEVEL = "-Onone";
			};
			name = Debug;
		};
		C0A4BE822B17B1560056D42D /* Release */ = {
			isa = XCBuildConfiguration;
			buildSettings = {
				ALWAYS_SEARCH_USER_PATHS = NO;
				ASSETCATALOG_COMPILER_GENERATE_SWIFT_ASSET_SYMBOL_EXTENSIONS = YES;
				CLANG_ANALYZER_NONNULL = YES;
				CLANG_ANALYZER_NUMBER_OBJECT_CONVERSION = YES_AGGRESSIVE;
				CLANG_CXX_LANGUAGE_STANDARD = "gnu++20";
				CLANG_ENABLE_MODULES = YES;
				CLANG_ENABLE_OBJC_ARC = YES;
				CLANG_ENABLE_OBJC_WEAK = YES;
				CLANG_WARN_BLOCK_CAPTURE_AUTORELEASING = YES;
				CLANG_WARN_BOOL_CONVERSION = YES;
				CLANG_WARN_COMMA = YES;
				CLANG_WARN_CONSTANT_CONVERSION = YES;
				CLANG_WARN_DEPRECATED_OBJC_IMPLEMENTATIONS = YES;
				CLANG_WARN_DIRECT_OBJC_ISA_USAGE = YES_ERROR;
				CLANG_WARN_DOCUMENTATION_COMMENTS = YES;
				CLANG_WARN_EMPTY_BODY = YES;
				CLANG_WARN_ENUM_CONVERSION = YES;
				CLANG_WARN_INFINITE_RECURSION = YES;
				CLANG_WARN_INT_CONVERSION = YES;
				CLANG_WARN_NON_LITERAL_NULL_CONVERSION = YES;
				CLANG_WARN_OBJC_IMPLICIT_RETAIN_SELF = YES;
				CLANG_WARN_OBJC_LITERAL_CONVERSION = YES;
				CLANG_WARN_OBJC_ROOT_CLASS = YES_ERROR;
				CLANG_WARN_QUOTED_INCLUDE_IN_FRAMEWORK_HEADER = YES;
				CLANG_WARN_RANGE_LOOP_ANALYSIS = YES;
				CLANG_WARN_STRICT_PROTOTYPES = YES;
				CLANG_WARN_SUSPICIOUS_MOVE = YES;
				CLANG_WARN_UNGUARDED_AVAILABILITY = YES_AGGRESSIVE;
				CLANG_WARN_UNREACHABLE_CODE = YES;
				CLANG_WARN__DUPLICATE_METHOD_MATCH = YES;
				COPY_PHASE_STRIP = NO;
				DEBUG_INFORMATION_FORMAT = "dwarf-with-dsym";
				ENABLE_NS_ASSERTIONS = NO;
				ENABLE_STRICT_OBJC_MSGSEND = YES;
				ENABLE_USER_SCRIPT_SANDBOXING = YES;
				GCC_C_LANGUAGE_STANDARD = gnu17;
				GCC_NO_COMMON_BLOCKS = YES;
				GCC_WARN_64_TO_32_BIT_CONVERSION = YES;
				GCC_WARN_ABOUT_RETURN_TYPE = YES_ERROR;
				GCC_WARN_UNDECLARED_SELECTOR = YES;
				GCC_WARN_UNINITIALIZED_AUTOS = YES_AGGRESSIVE;
				GCC_WARN_UNUSED_FUNCTION = YES;
				GCC_WARN_UNUSED_VARIABLE = YES;
				IPHONEOS_DEPLOYMENT_TARGET = 17.0;
				LOCALIZATION_PREFERS_STRING_CATALOGS = YES;
				MTL_ENABLE_DEBUG_INFO = NO;
				MTL_FAST_MATH = YES;
				SDKROOT = iphoneos;
				SWIFT_COMPILATION_MODE = wholemodule;
				VALIDATE_PRODUCT = YES;
			};
			name = Release;
		};
		C0A4BE842B17B1560056D42D /* Debug */ = {
			isa = XCBuildConfiguration;
			buildSettings = {
				ASSETCATALOG_COMPILER_APPICON_NAME = AppIcon;
				ASSETCATALOG_COMPILER_GLOBAL_ACCENT_COLOR_NAME = AccentColor;
				CODE_SIGN_STYLE = Automatic;
				CURRENT_PROJECT_VERSION = 1;
				DEVELOPMENT_TEAM = PQ82KF7KP4;
				GENERATE_INFOPLIST_FILE = YES;
				INFOPLIST_FILE = "Shopping App/Info.plist";
				INFOPLIST_KEY_UIApplicationSupportsIndirectInputEvents = YES;
				INFOPLIST_KEY_UILaunchStoryboardName = LaunchScreen;
				INFOPLIST_KEY_UIMainStoryboardFile = Main;
				INFOPLIST_KEY_UISupportedInterfaceOrientations_iPad = "UIInterfaceOrientationPortrait UIInterfaceOrientationPortraitUpsideDown UIInterfaceOrientationLandscapeLeft UIInterfaceOrientationLandscapeRight";
				INFOPLIST_KEY_UISupportedInterfaceOrientations_iPhone = "UIInterfaceOrientationPortrait UIInterfaceOrientationLandscapeLeft UIInterfaceOrientationLandscapeRight";
				LD_RUNPATH_SEARCH_PATHS = (
					"$(inherited)",
					"@executable_path/Frameworks",
				);
				MARKETING_VERSION = 1.0;
				PRODUCT_BUNDLE_IDENTIFIER = "com.batuhanertekin.Shopping-App";
				PRODUCT_NAME = "$(TARGET_NAME)";
				SWIFT_EMIT_LOC_STRINGS = YES;
				SWIFT_VERSION = 5.0;
				TARGETED_DEVICE_FAMILY = "1,2";
			};
			name = Debug;
		};
		C0A4BE852B17B1560056D42D /* Release */ = {
			isa = XCBuildConfiguration;
			buildSettings = {
				ASSETCATALOG_COMPILER_APPICON_NAME = AppIcon;
				ASSETCATALOG_COMPILER_GLOBAL_ACCENT_COLOR_NAME = AccentColor;
				CODE_SIGN_STYLE = Automatic;
				CURRENT_PROJECT_VERSION = 1;
				DEVELOPMENT_TEAM = PQ82KF7KP4;
				GENERATE_INFOPLIST_FILE = YES;
				INFOPLIST_FILE = "Shopping App/Info.plist";
				INFOPLIST_KEY_UIApplicationSupportsIndirectInputEvents = YES;
				INFOPLIST_KEY_UILaunchStoryboardName = LaunchScreen;
				INFOPLIST_KEY_UIMainStoryboardFile = Main;
				INFOPLIST_KEY_UISupportedInterfaceOrientations_iPad = "UIInterfaceOrientationPortrait UIInterfaceOrientationPortraitUpsideDown UIInterfaceOrientationLandscapeLeft UIInterfaceOrientationLandscapeRight";
				INFOPLIST_KEY_UISupportedInterfaceOrientations_iPhone = "UIInterfaceOrientationPortrait UIInterfaceOrientationLandscapeLeft UIInterfaceOrientationLandscapeRight";
				LD_RUNPATH_SEARCH_PATHS = (
					"$(inherited)",
					"@executable_path/Frameworks",
				);
				MARKETING_VERSION = 1.0;
				PRODUCT_BUNDLE_IDENTIFIER = "com.batuhanertekin.Shopping-App";
				PRODUCT_NAME = "$(TARGET_NAME)";
				SWIFT_EMIT_LOC_STRINGS = YES;
				SWIFT_VERSION = 5.0;
				TARGETED_DEVICE_FAMILY = "1,2";
			};
			name = Release;
		};
/* End XCBuildConfiguration section */

/* Begin XCConfigurationList section */
		C0A4BE6A2B17B1550056D42D /* Build configuration list for PBXProject "Shopping App" */ = {
			isa = XCConfigurationList;
			buildConfigurations = (
				C0A4BE812B17B1560056D42D /* Debug */,
				C0A4BE822B17B1560056D42D /* Release */,
			);
			defaultConfigurationIsVisible = 0;
			defaultConfigurationName = Release;
		};
		C0A4BE832B17B1560056D42D /* Build configuration list for PBXNativeTarget "Shopping App" */ = {
			isa = XCConfigurationList;
			buildConfigurations = (
				C0A4BE842B17B1560056D42D /* Debug */,
				C0A4BE852B17B1560056D42D /* Release */,
			);
			defaultConfigurationIsVisible = 0;
			defaultConfigurationName = Release;
		};
/* End XCConfigurationList section */

/* Begin XCRemoteSwiftPackageReference section */
		C022D2772B1F27EC00BEA9CF /* XCRemoteSwiftPackageReference "RxSwift" */ = {
			isa = XCRemoteSwiftPackageReference;
			repositoryURL = "https://github.com/ReactiveX/RxSwift";
			requirement = {
				kind = upToNextMajorVersion;
				minimumVersion = 6.6.0;
			};
		};
		C0A4BE882B17B2160056D42D /* XCRemoteSwiftPackageReference "firebase-ios-sdk" */ = {
			isa = XCRemoteSwiftPackageReference;
			repositoryURL = "https://github.com/firebase/firebase-ios-sdk.git";
			requirement = {
				kind = upToNextMajorVersion;
				minimumVersion = 10.18.0;
			};
		};
/* End XCRemoteSwiftPackageReference section */

/* Begin XCSwiftPackageProductDependency section */
		C022D27E2B1F27EC00BEA9CF /* RxCocoa-Dynamic */ = {
			isa = XCSwiftPackageProductDependency;
			package = C022D2772B1F27EC00BEA9CF /* XCRemoteSwiftPackageReference "RxSwift" */;
			productName = "RxCocoa-Dynamic";
		};
		C022D2842B1F27EC00BEA9CF /* RxSwift */ = {
			isa = XCSwiftPackageProductDependency;
			package = C022D2772B1F27EC00BEA9CF /* XCRemoteSwiftPackageReference "RxSwift" */;
			productName = RxSwift;
		};
		C0A4BE892B17B2160056D42D /* FirebaseAnalytics */ = {
			isa = XCSwiftPackageProductDependency;
			package = C0A4BE882B17B2160056D42D /* XCRemoteSwiftPackageReference "firebase-ios-sdk" */;
			productName = FirebaseAnalytics;
		};
		C0A4BE9B2B17B2160056D42D /* FirebaseDatabase */ = {
			isa = XCSwiftPackageProductDependency;
			package = C0A4BE882B17B2160056D42D /* XCRemoteSwiftPackageReference "firebase-ios-sdk" */;
			productName = FirebaseDatabase;
		};
		C0A4BEA12B17B2160056D42D /* FirebaseFirestore */ = {
			isa = XCSwiftPackageProductDependency;
			package = C0A4BE882B17B2160056D42D /* XCRemoteSwiftPackageReference "firebase-ios-sdk" */;
			productName = FirebaseFirestore;
		};
		C0A4BEBB2B17B2160056D42D /* FirebaseStorage */ = {
			isa = XCSwiftPackageProductDependency;
			package = C0A4BE882B17B2160056D42D /* XCRemoteSwiftPackageReference "firebase-ios-sdk" */;
			productName = FirebaseStorage;
		};
/* End XCSwiftPackageProductDependency section */
	};
	rootObject = C0A4BE672B17B1550056D42D /* Project object */;
}
